
Microsoft Visual Studio Solution File, Format Version 12.00
# Visual Studio Version 17
VisualStudioVersion = 17.10.34928.147
MinimumVisualStudioVersion = 10.0.40219.1
Project("{9A19103F-16F7-4668-BE54-9A1E7A4F7556}") = "AutomationTest", "ClassLibrary4\AutomationTest.csproj", "{3943BC62-DA74-4BCD-BA8A-9D210BE3EAFE}"
EndProject
Project("{9A19103F-16F7-4668-BE54-9A1E7A4F7556}") = "ConsoleApp2", "ConsoleApp2\ConsoleApp2.csproj", "{288825C2-3896-445E-8BAA-BE8FCD553353}"
EndProject
Global
	GlobalSection(SolutionConfigurationPlatforms) = preSolution
		Debug|Any CPU = Debug|Any CPU
		Release|Any CPU = Release|Any CPU
	EndGlobalSection
	GlobalSection(ProjectConfigurationPlatforms) = postSolution
		{3943BC62-DA74-4BCD-BA8A-9D210BE3EAFE}.Debug|Any CPU.ActiveCfg = Debug|Any CPU
		{3943BC62-DA74-4BCD-BA8A-9D210BE3EAFE}.Debug|Any CPU.Build.0 = Debug|Any CPU
		{3943BC62-DA74-4BCD-BA8A-9D210BE3EAFE}.Release|Any CPU.ActiveCfg = Release|Any CPU
		{3943BC62-DA74-4BCD-BA8A-9D210BE3EAFE}.Release|Any CPU.Build.0 = Release|Any CPU
		{288825C2-3896-445E-8BAA-BE8FCD553353}.Debug|Any CPU.ActiveCfg = Debug|Any CPU
		{288825C2-3896-445E-8BAA-BE8FCD553353}.Debug|Any CPU.Build.0 = Debug|Any CPU
		{288825C2-3896-445E-8BAA-BE8FCD553353}.Release|Any CPU.ActiveCfg = Release|Any CPU
		{288825C2-3896-445E-8BAA-BE8FCD553353}.Release|Any CPU.Build.0 = Release|Any CPU
	EndGlobalSection
	GlobalSection(SolutionProperties) = preSolution
		HideSolutionNode = FALSE
	EndGlobalSection
	GlobalSection(ExtensibilityGlobals) = postSolution
		SolutionGuid = {9D2E4E22-A85B-4E68-AD7F-55C7B0B060C2}
	EndGlobalSection
EndGlobal
